// !$*UTF8*$!
{
	archiveVersion = 1;
	classes = {
	};
	objectVersion = 48;
	objects = {

/* Begin PBXBuildFile section */
		C1231CC020741709004B6A1D /* invTableViewCell.m in Sources */ = {isa = PBXBuildFile; fileRef = C1231CBF20741709004B6A1D /* invTableViewCell.m */; };
		C1231CC320743015004B6A1D /* productCell.m in Sources */ = {isa = PBXBuildFile; fileRef = C1231CC220743015004B6A1D /* productCell.m */; };
		C13297EA207FEE5100DA6E79 /* newProductVC.m in Sources */ = {isa = PBXBuildFile; fileRef = C13297E9207FEE5100DA6E79 /* newProductVC.m */; };
		C13297EE207FFE1400DA6E79 /* newProductTableCell.m in Sources */ = {isa = PBXBuildFile; fileRef = C13297ED207FFE1400DA6E79 /* newProductTableCell.m */; };
		C1A17C05206BDB4E005BAF1B /* AppDelegate.m in Sources */ = {isa = PBXBuildFile; fileRef = C1A17C04206BDB4E005BAF1B /* AppDelegate.m */; };
		C1A17C08206BDB4E005BAF1B /* invViewController.m in Sources */ = {isa = PBXBuildFile; fileRef = C1A17C07206BDB4E005BAF1B /* invViewController.m */; };
		C1A17C0B206BDB4E005BAF1B /* Main.storyboard in Resources */ = {isa = PBXBuildFile; fileRef = C1A17C09206BDB4E005BAF1B /* Main.storyboard */; };
		C1A17C0E206BDB4E005BAF1B /* GroceryInventoryApp.xcdatamodeld in Sources */ = {isa = PBXBuildFile; fileRef = C1A17C0C206BDB4E005BAF1B /* GroceryInventoryApp.xcdatamodeld */; };
		C1A17C10206BDB4E005BAF1B /* Assets.xcassets in Resources */ = {isa = PBXBuildFile; fileRef = C1A17C0F206BDB4E005BAF1B /* Assets.xcassets */; };
		C1A17C13206BDB4E005BAF1B /* LaunchScreen.storyboard in Resources */ = {isa = PBXBuildFile; fileRef = C1A17C11206BDB4E005BAF1B /* LaunchScreen.storyboard */; };
		C1A17C16206BDB4E005BAF1B /* main.m in Sources */ = {isa = PBXBuildFile; fileRef = C1A17C15206BDB4E005BAF1B /* main.m */; };
		C1A17C20206BDB4E005BAF1B /* GroceryInventoryAppTests.m in Sources */ = {isa = PBXBuildFile; fileRef = C1A17C1F206BDB4E005BAF1B /* GroceryInventoryAppTests.m */; };
		C1A17C2B206BDB4E005BAF1B /* GroceryInventoryAppUITests.m in Sources */ = {isa = PBXBuildFile; fileRef = C1A17C2A206BDB4E005BAF1B /* GroceryInventoryAppUITests.m */; };
		C1B81048207F377E00189C3A /* Model.m in Sources */ = {isa = PBXBuildFile; fileRef = C1B81047207F377E00189C3A /* Model.m */; };
		C1FD304E2088042600207C30 /* Project Log.rtf in Resources */ = {isa = PBXBuildFile; fileRef = C1FD304D2088042600207C30 /* Project Log.rtf */; };
/* End PBXBuildFile section */

/* Begin PBXContainerItemProxy section */
		C1A17C1C206BDB4E005BAF1B /* PBXContainerItemProxy */ = {
			isa = PBXContainerItemProxy;
			containerPortal = C1A17BF8206BDB4E005BAF1B /* Project object */;
			proxyType = 1;
			remoteGlobalIDString = C1A17BFF206BDB4E005BAF1B;
			remoteInfo = GroceryInventoryApp;
		};
		C1A17C27206BDB4E005BAF1B /* PBXContainerItemProxy */ = {
			isa = PBXContainerItemProxy;
			containerPortal = C1A17BF8206BDB4E005BAF1B /* Project object */;
			proxyType = 1;
			remoteGlobalIDString = C1A17BFF206BDB4E005BAF1B;
			remoteInfo = GroceryInventoryApp;
		};
/* End PBXContainerItemProxy section */

/* Begin PBXFileReference section */
		C1231CBE20741709004B6A1D /* invTableViewCell.h */ = {isa = PBXFileReference; lastKnownFileType = sourcecode.c.h; path = invTableViewCell.h; sourceTree = "<group>"; };
		C1231CBF20741709004B6A1D /* invTableViewCell.m */ = {isa = PBXFileReference; lastKnownFileType = sourcecode.c.objc; path = invTableViewCell.m; sourceTree = "<group>"; };
		C1231CC120743015004B6A1D /* productCell.h */ = {isa = PBXFileReference; lastKnownFileType = sourcecode.c.h; path = productCell.h; sourceTree = "<group>"; };
		C1231CC220743015004B6A1D /* productCell.m */ = {isa = PBXFileReference; lastKnownFileType = sourcecode.c.objc; path = productCell.m; sourceTree = "<group>"; };
		C13297E8207FEE5100DA6E79 /* newProductVC.h */ = {isa = PBXFileReference; lastKnownFileType = sourcecode.c.h; path = newProductVC.h; sourceTree = "<group>"; };
		C13297E9207FEE5100DA6E79 /* newProductVC.m */ = {isa = PBXFileReference; lastKnownFileType = sourcecode.c.objc; path = newProductVC.m; sourceTree = "<group>"; };
		C13297EC207FFE1400DA6E79 /* newProductTableCell.h */ = {isa = PBXFileReference; lastKnownFileType = sourcecode.c.h; path = newProductTableCell.h; sourceTree = "<group>"; };
		C13297ED207FFE1400DA6E79 /* newProductTableCell.m */ = {isa = PBXFileReference; lastKnownFileType = sourcecode.c.objc; path = newProductTableCell.m; sourceTree = "<group>"; };
		C1A17C00206BDB4E005BAF1B /* GroceryInventoryApp.app */ = {isa = PBXFileReference; explicitFileType = wrapper.application; includeInIndex = 0; path = GroceryInventoryApp.app; sourceTree = BUILT_PRODUCTS_DIR; };
		C1A17C03206BDB4E005BAF1B /* AppDelegate.h */ = {isa = PBXFileReference; lastKnownFileType = sourcecode.c.h; path = AppDelegate.h; sourceTree = "<group>"; };
		C1A17C04206BDB4E005BAF1B /* AppDelegate.m */ = {isa = PBXFileReference; lastKnownFileType = sourcecode.c.objc; path = AppDelegate.m; sourceTree = "<group>"; };
		C1A17C06206BDB4E005BAF1B /* invViewController.h */ = {isa = PBXFileReference; lastKnownFileType = sourcecode.c.h; path = invViewController.h; sourceTree = "<group>"; };
		C1A17C07206BDB4E005BAF1B /* invViewController.m */ = {isa = PBXFileReference; lastKnownFileType = sourcecode.c.objc; path = invViewController.m; sourceTree = "<group>"; };
		C1A17C0A206BDB4E005BAF1B /* Base */ = {isa = PBXFileReference; lastKnownFileType = file.storyboard; name = Base; path = Base.lproj/Main.storyboard; sourceTree = "<group>"; };
		C1A17C0D206BDB4E005BAF1B /* GroceryInventoryApp.xcdatamodel */ = {isa = PBXFileReference; lastKnownFileType = wrapper.xcdatamodel; path = GroceryInventoryApp.xcdatamodel; sourceTree = "<group>"; };
		C1A17C0F206BDB4E005BAF1B /* Assets.xcassets */ = {isa = PBXFileReference; lastKnownFileType = folder.assetcatalog; path = Assets.xcassets; sourceTree = "<group>"; };
		C1A17C12206BDB4E005BAF1B /* Base */ = {isa = PBXFileReference; lastKnownFileType = file.storyboard; name = Base; path = Base.lproj/LaunchScreen.storyboard; sourceTree = "<group>"; };
		C1A17C14206BDB4E005BAF1B /* Info.plist */ = {isa = PBXFileReference; lastKnownFileType = text.plist.xml; path = Info.plist; sourceTree = "<group>"; };
		C1A17C15206BDB4E005BAF1B /* main.m */ = {isa = PBXFileReference; lastKnownFileType = sourcecode.c.objc; path = main.m; sourceTree = "<group>"; };
		C1A17C1B206BDB4E005BAF1B /* GroceryInventoryAppTests.xctest */ = {isa = PBXFileReference; explicitFileType = wrapper.cfbundle; includeInIndex = 0; path = GroceryInventoryAppTests.xctest; sourceTree = BUILT_PRODUCTS_DIR; };
		C1A17C1F206BDB4E005BAF1B /* GroceryInventoryAppTests.m */ = {isa = PBXFileReference; lastKnownFileType = sourcecode.c.objc; path = GroceryInventoryAppTests.m; sourceTree = "<group>"; };
		C1A17C21206BDB4E005BAF1B /* Info.plist */ = {isa = PBXFileReference; lastKnownFileType = text.plist.xml; path = Info.plist; sourceTree = "<group>"; };
		C1A17C26206BDB4E005BAF1B /* GroceryInventoryAppUITests.xctest */ = {isa = PBXFileReference; explicitFileType = wrapper.cfbundle; includeInIndex = 0; path = GroceryInventoryAppUITests.xctest; sourceTree = BUILT_PRODUCTS_DIR; };
		C1A17C2A206BDB4E005BAF1B /* GroceryInventoryAppUITests.m */ = {isa = PBXFileReference; lastKnownFileType = sourcecode.c.objc; path = GroceryInventoryAppUITests.m; sourceTree = "<group>"; };
		C1A17C2C206BDB4E005BAF1B /* Info.plist */ = {isa = PBXFileReference; lastKnownFileType = text.plist.xml; path = Info.plist; sourceTree = "<group>"; };
		C1B81046207F377E00189C3A /* Model.h */ = {isa = PBXFileReference; lastKnownFileType = sourcecode.c.h; path = Model.h; sourceTree = "<group>"; };
		C1B81047207F377E00189C3A /* Model.m */ = {isa = PBXFileReference; lastKnownFileType = sourcecode.c.objc; path = Model.m; sourceTree = "<group>"; };
		C1FD304D2088042600207C30 /* Project Log.rtf */ = {isa = PBXFileReference; fileEncoding = 4; lastKnownFileType = text.rtf; path = "Project Log.rtf"; sourceTree = "<group>"; };
/* End PBXFileReference section */

/* Begin PBXFrameworksBuildPhase section */
		C1A17BFD206BDB4E005BAF1B /* Frameworks */ = {
			isa = PBXFrameworksBuildPhase;
			buildActionMask = 2147483647;
			files = (
			);
			runOnlyForDeploymentPostprocessing = 0;
		};
		C1A17C18206BDB4E005BAF1B /* Frameworks */ = {
			isa = PBXFrameworksBuildPhase;
			buildActionMask = 2147483647;
			files = (
			);
			runOnlyForDeploymentPostprocessing = 0;
		};
		C1A17C23206BDB4E005BAF1B /* Frameworks */ = {
			isa = PBXFrameworksBuildPhase;
			buildActionMask = 2147483647;
			files = (
			);
			runOnlyForDeploymentPostprocessing = 0;
		};
/* End PBXFrameworksBuildPhase section */

/* Begin PBXGroup section */
		C13297EB207FF50700DA6E79 /* NewProduct */ = {
			isa = PBXGroup;
			children = (
				C13297E8207FEE5100DA6E79 /* newProductVC.h */,
				C13297E9207FEE5100DA6E79 /* newProductVC.m */,
				C13297EC207FFE1400DA6E79 /* newProductTableCell.h */,
				C13297ED207FFE1400DA6E79 /* newProductTableCell.m */,
			);
			path = NewProduct;
			sourceTree = "<group>";
		};
		C1A17BF7206BDB4E005BAF1B = {
			isa = PBXGroup;
			children = (
				C1FD304D2088042600207C30 /* Project Log.rtf */,
				C1A17C02206BDB4E005BAF1B /* GroceryInventoryApp */,
				C1A17C1E206BDB4E005BAF1B /* GroceryInventoryAppTests */,
				C1A17C29206BDB4E005BAF1B /* GroceryInventoryAppUITests */,
				C1A17C01206BDB4E005BAF1B /* Products */,
			);
			sourceTree = "<group>";
		};
		C1A17C01206BDB4E005BAF1B /* Products */ = {
			isa = PBXGroup;
			children = (
				C1A17C00206BDB4E005BAF1B /* GroceryInventoryApp.app */,
				C1A17C1B206BDB4E005BAF1B /* GroceryInventoryAppTests.xctest */,
				C1A17C26206BDB4E005BAF1B /* GroceryInventoryAppUITests.xctest */,
			);
			name = Products;
			sourceTree = "<group>";
		};
		C1A17C02206BDB4E005BAF1B /* GroceryInventoryApp */ = {
			isa = PBXGroup;
			children = (
				C1A17C03206BDB4E005BAF1B /* AppDelegate.h */,
				C1A17C04206BDB4E005BAF1B /* AppDelegate.m */,
				C1A17C06206BDB4E005BAF1B /* invViewController.h */,
				C1A17C07206BDB4E005BAF1B /* invViewController.m */,
				C1231CBE20741709004B6A1D /* invTableViewCell.h */,
				C1231CBF20741709004B6A1D /* invTableViewCell.m */,
				C1231CC120743015004B6A1D /* productCell.h */,
				C1231CC220743015004B6A1D /* productCell.m */,
				C1A17C0F206BDB4E005BAF1B /* Assets.xcassets */,
				C1A17C11206BDB4E005BAF1B /* LaunchScreen.storyboard */,
				C1A17C14206BDB4E005BAF1B /* Info.plist */,
				C1A17C15206BDB4E005BAF1B /* main.m */,
				C1A17C0C206BDB4E005BAF1B /* GroceryInventoryApp.xcdatamodeld */,
				C1B81046207F377E00189C3A /* Model.h */,
				C1B81047207F377E00189C3A /* Model.m */,
				C1A17C09206BDB4E005BAF1B /* Main.storyboard */,
				C13297EB207FF50700DA6E79 /* NewProduct */,
			);
			path = GroceryInventoryApp;
			sourceTree = "<group>";
		};
		C1A17C1E206BDB4E005BAF1B /* GroceryInventoryAppTests */ = {
			isa = PBXGroup;
			children = (
				C1A17C1F206BDB4E005BAF1B /* GroceryInventoryAppTests.m */,
				C1A17C21206BDB4E005BAF1B /* Info.plist */,
			);
			path = GroceryInventoryAppTests;
			sourceTree = "<group>";
		};
		C1A17C29206BDB4E005BAF1B /* GroceryInventoryAppUITests */ = {
			isa = PBXGroup;
			children = (
				C1A17C2A206BDB4E005BAF1B /* GroceryInventoryAppUITests.m */,
				C1A17C2C206BDB4E005BAF1B /* Info.plist */,
			);
			path = GroceryInventoryAppUITests;
			sourceTree = "<group>";
		};
/* End PBXGroup section */

/* Begin PBXNativeTarget section */
		C1A17BFF206BDB4E005BAF1B /* GroceryInventoryApp */ = {
			isa = PBXNativeTarget;
			buildConfigurationList = C1A17C2F206BDB4E005BAF1B /* Build configuration list for PBXNativeTarget "GroceryInventoryApp" */;
			buildPhases = (
				C1A17BFC206BDB4E005BAF1B /* Sources */,
				C1A17BFD206BDB4E005BAF1B /* Frameworks */,
				C1A17BFE206BDB4E005BAF1B /* Resources */,
			);
			buildRules = (
			);
			dependencies = (
			);
			name = GroceryInventoryApp;
			productName = GroceryInventoryApp;
			productReference = C1A17C00206BDB4E005BAF1B /* GroceryInventoryApp.app */;
			productType = "com.apple.product-type.application";
		};
		C1A17C1A206BDB4E005BAF1B /* GroceryInventoryAppTests */ = {
			isa = PBXNativeTarget;
			buildConfigurationList = C1A17C32206BDB4E005BAF1B /* Build configuration list for PBXNativeTarget "GroceryInventoryAppTests" */;
			buildPhases = (
				C1A17C17206BDB4E005BAF1B /* Sources */,
				C1A17C18206BDB4E005BAF1B /* Frameworks */,
				C1A17C19206BDB4E005BAF1B /* Resources */,
			);
			buildRules = (
			);
			dependencies = (
				C1A17C1D206BDB4E005BAF1B /* PBXTargetDependency */,
			);
			name = GroceryInventoryAppTests;
			productName = GroceryInventoryAppTests;
			productReference = C1A17C1B206BDB4E005BAF1B /* GroceryInventoryAppTests.xctest */;
			productType = "com.apple.product-type.bundle.unit-test";
		};
		C1A17C25206BDB4E005BAF1B /* GroceryInventoryAppUITests */ = {
			isa = PBXNativeTarget;
			buildConfigurationList = C1A17C35206BDB4E005BAF1B /* Build configuration list for PBXNativeTarget "GroceryInventoryAppUITests" */;
			buildPhases = (
				C1A17C22206BDB4E005BAF1B /* Sources */,
				C1A17C23206BDB4E005BAF1B /* Frameworks */,
				C1A17C24206BDB4E005BAF1B /* Resources */,
			);
			buildRules = (
			);
			dependencies = (
				C1A17C28206BDB4E005BAF1B /* PBXTargetDependency */,
			);
			name = GroceryInventoryAppUITests;
			productName = GroceryInventoryAppUITests;
			productReference = C1A17C26206BDB4E005BAF1B /* GroceryInventoryAppUITests.xctest */;
			productType = "com.apple.product-type.bundle.ui-testing";
		};
/* End PBXNativeTarget section */

/* Begin PBXProject section */
		C1A17BF8206BDB4E005BAF1B /* Project object */ = {
			isa = PBXProject;
			attributes = {
				LastUpgradeCheck = 0920;
				ORGANIZATIONNAME = "Camden Barkley";
				TargetAttributes = {
					C1A17BFF206BDB4E005BAF1B = {
						CreatedOnToolsVersion = 9.2;
						ProvisioningStyle = Automatic;
					};
					C1A17C1A206BDB4E005BAF1B = {
						CreatedOnToolsVersion = 9.2;
						ProvisioningStyle = Automatic;
						TestTargetID = C1A17BFF206BDB4E005BAF1B;
					};
					C1A17C25206BDB4E005BAF1B = {
						CreatedOnToolsVersion = 9.2;
						ProvisioningStyle = Automatic;
						TestTargetID = C1A17BFF206BDB4E005BAF1B;
					};
				};
			};
			buildConfigurationList = C1A17BFB206BDB4E005BAF1B /* Build configuration list for PBXProject "GroceryInventoryApp" */;
			compatibilityVersion = "Xcode 8.0";
			developmentRegion = en;
			hasScannedForEncodings = 0;
			knownRegions = (
				en,
				Base,
			);
			mainGroup = C1A17BF7206BDB4E005BAF1B;
			productRefGroup = C1A17C01206BDB4E005BAF1B /* Products */;
			projectDirPath = "";
			projectRoot = "";
			targets = (
				C1A17BFF206BDB4E005BAF1B /* GroceryInventoryApp */,
				C1A17C1A206BDB4E005BAF1B /* GroceryInventoryAppTests */,
				C1A17C25206BDB4E005BAF1B /* GroceryInventoryAppUITests */,
			);
		};
/* End PBXProject section */

/* Begin PBXResourcesBuildPhase section */
		C1A17BFE206BDB4E005BAF1B /* Resources */ = {
			isa = PBXResourcesBuildPhase;
			buildActionMask = 2147483647;
			files = (
				C1FD304E2088042600207C30 /* Project Log.rtf in Resources */,
				C1A17C13206BDB4E005BAF1B /* LaunchScreen.storyboard in Resources */,
				C1A17C10206BDB4E005BAF1B /* Assets.xcassets in Resources */,
				C1A17C0B206BDB4E005BAF1B /* Main.storyboard in Resources */,
			);
			runOnlyForDeploymentPostprocessing = 0;
		};
		C1A17C19206BDB4E005BAF1B /* Resources */ = {
			isa = PBXResourcesBuildPhase;
			buildActionMask = 2147483647;
			files = (
			);
			runOnlyForDeploymentPostprocessing = 0;
		};
		C1A17C24206BDB4E005BAF1B /* Resources */ = {
			isa = PBXResourcesBuildPhase;
			buildActionMask = 2147483647;
			files = (
			);
			runOnlyForDeploymentPostprocessing = 0;
		};
/* End PBXResourcesBuildPhase section */

/* Begin PBXSourcesBuildPhase section */
		C1A17BFC206BDB4E005BAF1B /* Sources */ = {
			isa = PBXSourcesBuildPhase;
			buildActionMask = 2147483647;
			files = (
				C1A17C08206BDB4E005BAF1B /* invViewController.m in Sources */,
				C1A17C05206BDB4E005BAF1B /* AppDelegate.m in Sources */,
				C13297EE207FFE1400DA6E79 /* newProductTableCell.m in Sources */,
				C13297EA207FEE5100DA6E79 /* newProductVC.m in Sources */,
				C1A17C16206BDB4E005BAF1B /* main.m in Sources */,
				C1231CC320743015004B6A1D /* productCell.m in Sources */,
				C1B81048207F377E00189C3A /* Model.m in Sources */,
				C1A17C0E206BDB4E005BAF1B /* GroceryInventoryApp.xcdatamodeld in Sources */,
				C1231CC020741709004B6A1D /* invTableViewCell.m in Sources */,
			);
			runOnlyForDeploymentPostprocessing = 0;
		};
		C1A17C17206BDB4E005BAF1B /* Sources */ = {
			isa = PBXSourcesBuildPhase;
			buildActionMask = 2147483647;
			files = (
				C1A17C20206BDB4E005BAF1B /* GroceryInventoryAppTests.m in Sources */,
			);
			runOnlyForDeploymentPostprocessing = 0;
		};
		C1A17C22206BDB4E005BAF1B /* Sources */ = {
			isa = PBXSourcesBuildPhase;
			buildActionMask = 2147483647;
			files = (
				C1A17C2B206BDB4E005BAF1B /* GroceryInventoryAppUITests.m in Sources */,
			);
			runOnlyForDeploymentPostprocessing = 0;
		};
/* End PBXSourcesBuildPhase section */

/* Begin PBXTargetDependency section */
		C1A17C1D206BDB4E005BAF1B /* PBXTargetDependency */ = {
			isa = PBXTargetDependency;
			target = C1A17BFF206BDB4E005BAF1B /* GroceryInventoryApp */;
			targetProxy = C1A17C1C206BDB4E005BAF1B /* PBXContainerItemProxy */;
		};
		C1A17C28206BDB4E005BAF1B /* PBXTargetDependency */ = {
			isa = PBXTargetDependency;
			target = C1A17BFF206BDB4E005BAF1B /* GroceryInventoryApp */;
			targetProxy = C1A17C27206BDB4E005BAF1B /* PBXContainerItemProxy */;
		};
/* End PBXTargetDependency section */

/* Begin PBXVariantGroup section */
		C1A17C09206BDB4E005BAF1B /* Main.storyboard */ = {
			isa = PBXVariantGroup;
			children = (
				C1A17C0A206BDB4E005BAF1B /* Base */,
			);
			name = Main.storyboard;
			sourceTree = "<group>";
		};
		C1A17C11206BDB4E005BAF1B /* LaunchScreen.storyboard */ = {
			isa = PBXVariantGroup;
			children = (
				C1A17C12206BDB4E005BAF1B /* Base */,
			);
			name = LaunchScreen.storyboard;
			sourceTree = "<group>";
		};
/* End PBXVariantGroup section */

/* Begin XCBuildConfiguration section */
		C1A17C2D206BDB4E005BAF1B /* Debug */ = {
			isa = XCBuildConfiguration;
			buildSettings = {
				ALWAYS_SEARCH_USER_PATHS = NO;
				CLANG_ANALYZER_NONNULL = YES;
				CLANG_ANALYZER_NUMBER_OBJECT_CONVERSION = YES_AGGRESSIVE;
				CLANG_CXX_LANGUAGE_STANDARD = "gnu++14";
				CLANG_CXX_LIBRARY = "libc++";
				CLANG_ENABLE_MODULES = YES;
				CLANG_ENABLE_OBJC_ARC = YES;
				CLANG_WARN_BLOCK_CAPTURE_AUTORELEASING = YES;
				CLANG_WARN_BOOL_CONVERSION = YES;
				CLANG_WARN_COMMA = YES;
				CLANG_WARN_CONSTANT_CONVERSION = YES;
				CLANG_WARN_DIRECT_OBJC_ISA_USAGE = YES_ERROR;
				CLANG_WARN_DOCUMENTATION_COMMENTS = YES;
				CLANG_WARN_EMPTY_BODY = YES;
				CLANG_WARN_ENUM_CONVERSION = YES;
				CLANG_WARN_INFINITE_RECURSION = YES;
				CLANG_WARN_INT_CONVERSION = YES;
				CLANG_WARN_NON_LITERAL_NULL_CONVERSION = YES;
				CLANG_WARN_OBJC_LITERAL_CONVERSION = YES;
				CLANG_WARN_OBJC_ROOT_CLASS = YES_ERROR;
				CLANG_WARN_RANGE_LOOP_ANALYSIS = YES;
				CLANG_WARN_STRICT_PROTOTYPES = YES;
				CLANG_WARN_SUSPICIOUS_MOVE = YES;
				CLANG_WARN_UNGUARDED_AVAILABILITY = YES_AGGRESSIVE;
				CLANG_WARN_UNREACHABLE_CODE = YES;
				CLANG_WARN__DUPLICATE_METHOD_MATCH = YES;
				CODE_SIGN_IDENTITY = "iPhone Developer";
				COPY_PHASE_STRIP = NO;
				DEBUG_INFORMATION_FORMAT = dwarf;
				ENABLE_STRICT_OBJC_MSGSEND = YES;
				ENABLE_TESTABILITY = YES;
				GCC_C_LANGUAGE_STANDARD = gnu11;
				GCC_DYNAMIC_NO_PIC = NO;
				GCC_NO_COMMON_BLOCKS = YES;
				GCC_OPTIMIZATION_LEVEL = 0;
				GCC_PREPROCESSOR_DEFINITIONS = (
					"DEBUG=1",
					"$(inherited)",
				);
				GCC_WARN_64_TO_32_BIT_CONVERSION = YES;
				GCC_WARN_ABOUT_RETURN_TYPE = YES_ERROR;
				GCC_WARN_UNDECLARED_SELECTOR = YES;
				GCC_WARN_UNINITIALIZED_AUTOS = YES_AGGRESSIVE;
				GCC_WARN_UNUSED_FUNCTION = YES;
				GCC_WARN_UNUSED_VARIABLE = YES;
				IPHONEOS_DEPLOYMENT_TARGET = 11.2;
				MTL_ENABLE_DEBUG_INFO = YES;
				ONLY_ACTIVE_ARCH = YES;
				SDKROOT = iphoneos;
			};
			name = Debug;
		};
		C1A17C2E206BDB4E005BAF1B /* Release */ = {
			isa = XCBuildConfiguration;
			buildSettings = {
				ALWAYS_SEARCH_USER_PATHS = NO;
				CLANG_ANALYZER_NONNULL = YES;
				CLANG_ANALYZER_NUMBER_OBJECT_CONVERSION = YES_AGGRESSIVE;
				CLANG_CXX_LANGUAGE_STANDARD = "gnu++14";
				CLANG_CXX_LIBRARY = "libc++";
				CLANG_ENABLE_MODULES = YES;
				CLANG_ENABLE_OBJC_ARC = YES;
				CLANG_WARN_BLOCK_CAPTURE_AUTORELEASING = YES;
				CLANG_WARN_BOOL_CONVERSION = YES;
				CLANG_WARN_COMMA = YES;
				CLANG_WARN_CONSTANT_CONVERSION = YES;
				CLANG_WARN_DIRECT_OBJC_ISA_USAGE = YES_ERROR;
				CLANG_WARN_DOCUMENTATION_COMMENTS = YES;
				CLANG_WARN_EMPTY_BODY = YES;
				CLANG_WARN_ENUM_CONVERSION = YES;
				CLANG_WARN_INFINITE_RECURSION = YES;
				CLANG_WARN_INT_CONVERSION = YES;
				CLANG_WARN_NON_LITERAL_NULL_CONVERSION = YES;
				CLANG_WARN_OBJC_LITERAL_CONVERSION = YES;
				CLANG_WARN_OBJC_ROOT_CLASS = YES_ERROR;
				CLANG_WARN_RANGE_LOOP_ANALYSIS = YES;
				CLANG_WARN_STRICT_PROTOTYPES = YES;
				CLANG_WARN_SUSPICIOUS_MOVE = YES;
				CLANG_WARN_UNGUARDED_AVAILABILITY = YES_AGGRESSIVE;
				CLANG_WARN_UNREACHABLE_CODE = YES;
				CLANG_WARN__DUPLICATE_METHOD_MATCH = YES;
				CODE_SIGN_IDENTITY = "iPhone Developer";
				COPY_PHASE_STRIP = NO;
				DEBUG_INFORMATION_FORMAT = "dwarf-with-dsym";
				ENABLE_NS_ASSERTIONS = NO;
				ENABLE_STRICT_OBJC_MSGSEND = YES;
				GCC_C_LANGUAGE_STANDARD = gnu11;
				GCC_NO_COMMON_BLOCKS = YES;
				GCC_WARN_64_TO_32_BIT_CONVERSION = YES;
				GCC_WARN_ABOUT_RETURN_TYPE = YES_ERROR;
				GCC_WARN_UNDECLARED_SELECTOR = YES;
				GCC_WARN_UNINITIALIZED_AUTOS = YES_AGGRESSIVE;
				GCC_WARN_UNUSED_FUNCTION = YES;
				GCC_WARN_UNUSED_VARIABLE = YES;
				IPHONEOS_DEPLOYMENT_TARGET = 11.2;
				MTL_ENABLE_DEBUG_INFO = NO;
				SDKROOT = iphoneos;
				VALIDATE_PRODUCT = YES;
			};
			name = Release;
		};
		C1A17C30206BDB4E005BAF1B /* Debug */ = {
			isa = XCBuildConfiguration;
			buildSettings = {
				ASSETCATALOG_COMPILER_APPICON_NAME = AppIcon;
				CODE_SIGN_STYLE = Automatic;
				INFOPLIST_FILE = GroceryInventoryApp/Info.plist;
				LD_RUNPATH_SEARCH_PATHS = "$(inherited) @executable_path/Frameworks";
				PRODUCT_BUNDLE_IDENTIFIER = "Camden-Audio.GroceryInventoryApp";
				PRODUCT_NAME = "$(TARGET_NAME)";
				TARGETED_DEVICE_FAMILY = "1,2";
			};
			name = Debug;
		};
		C1A17C31206BDB4E005BAF1B /* Release */ = {
			isa = XCBuildConfiguration;
			buildSettings = {
				ASSETCATALOG_COMPILER_APPICON_NAME = AppIcon;
				CODE_SIGN_STYLE = Automatic;
				INFOPLIST_FILE = GroceryInventoryApp/Info.plist;
				LD_RUNPATH_SEARCH_PATHS = "$(inherited) @executable_path/Frameworks";
				PRODUCT_BUNDLE_IDENTIFIER = "Camden-Audio.GroceryInventoryApp";
				PRODUCT_NAME = "$(TARGET_NAME)";
				TARGETED_DEVICE_FAMILY = "1,2";
			};
			name = Release;
		};
		C1A17C33206BDB4E005BAF1B /* Debug */ = {
			isa = XCBuildConfiguration;
			buildSettings = {
				BUNDLE_LOADER = "$(TEST_HOST)";
				CODE_SIGN_STYLE = Automatic;
				INFOPLIST_FILE = GroceryInventoryAppTests/Info.plist;
				LD_RUNPATH_SEARCH_PATHS = "$(inherited) @executable_path/Frameworks @loader_path/Frameworks";
				PRODUCT_BUNDLE_IDENTIFIER = "Camden-Audio.GroceryInventoryAppTests";
				PRODUCT_NAME = "$(TARGET_NAME)";
				TARGETED_DEVICE_FAMILY = "1,2";
				TEST_HOST = "$(BUILT_PRODUCTS_DIR)/GroceryInventoryApp.app/GroceryInventoryApp";
			};
			name = Debug;
		};
		C1A17C34206BDB4E005BAF1B /* Release */ = {
			isa = XCBuildConfiguration;
			buildSettings = {
				BUNDLE_LOADER = "$(TEST_HOST)";
				CODE_SIGN_STYLE = Automatic;
				INFOPLIST_FILE = GroceryInventoryAppTests/Info.plist;
				LD_RUNPATH_SEARCH_PATHS = "$(inherited) @executable_path/Frameworks @loader_path/Frameworks";
				PRODUCT_BUNDLE_IDENTIFIER = "Camden-Audio.GroceryInventoryAppTests";
				PRODUCT_NAME = "$(TARGET_NAME)";
				TARGETED_DEVICE_FAMILY = "1,2";
				TEST_HOST = "$(BUILT_PRODUCTS_DIR)/GroceryInventoryApp.app/GroceryInventoryApp";
			};
			name = Release;
		};
		C1A17C36206BDB4E005BAF1B /* Debug */ = {
			isa = XCBuildConfiguration;
			buildSettings = {
				CODE_SIGN_STYLE = Automatic;
				INFOPLIST_FILE = GroceryInventoryAppUITests/Info.plist;
				LD_RUNPATH_SEARCH_PATHS = "$(inherited) @executable_path/Frameworks @loader_path/Frameworks";
				PRODUCT_BUNDLE_IDENTIFIER = "Camden-Audio.GroceryInventoryAppUITests";
				PRODUCT_NAME = "$(TARGET_NAME)";
				TARGETED_DEVICE_FAMILY = "1,2";
				TEST_TARGET_NAME = GroceryInventoryApp;
			};
			name = Debug;
		};
		C1A17C37206BDB4E005BAF1B /* Release */ = {
			isa = XCBuildConfiguration;
			buildSettings = {
				CODE_SIGN_STYLE = Automatic;
				INFOPLIST_FILE = GroceryInventoryAppUITests/Info.plist;
				LD_RUNPATH_SEARCH_PATHS = "$(inherited) @executable_path/Frameworks @loader_path/Frameworks";
				PRODUCT_BUNDLE_IDENTIFIER = "Camden-Audio.GroceryInventoryAppUITests";
				PRODUCT_NAME = "$(TARGET_NAME)";
				TARGETED_DEVICE_FAMILY = "1,2";
				TEST_TARGET_NAME = GroceryInventoryApp;
			};
			name = Release;
		};
/* End XCBuildConfiguration section */

/* Begin XCConfigurationList section */
		C1A17BFB206BDB4E005BAF1B /* Build configuration list for PBXProject "GroceryInventoryApp" */ = {
			isa = XCConfigurationList;
			buildConfigurations = (
				C1A17C2D206BDB4E005BAF1B /* Debug */,
				C1A17C2E206BDB4E005BAF1B /* Release */,
			);
			defaultConfigurationIsVisible = 0;
			defaultConfigurationName = Release;
		};
		C1A17C2F206BDB4E005BAF1B /* Build configuration list for PBXNativeTarget "GroceryInventoryApp" */ = {
			isa = XCConfigurationList;
			buildConfigurations = (
				C1A17C30206BDB4E005BAF1B /* Debug */,
				C1A17C31206BDB4E005BAF1B /* Release */,
			);
			defaultConfigurationIsVisible = 0;
			defaultConfigurationName = Release;
		};
		C1A17C32206BDB4E005BAF1B /* Build configuration list for PBXNativeTarget "GroceryInventoryAppTests" */ = {
			isa = XCConfigurationList;
			buildConfigurations = (
				C1A17C33206BDB4E005BAF1B /* Debug */,
				C1A17C34206BDB4E005BAF1B /* Release */,
			);
			defaultConfigurationIsVisible = 0;
			defaultConfigurationName = Release;
		};
		C1A17C35206BDB4E005BAF1B /* Build configuration list for PBXNativeTarget "GroceryInventoryAppUITests" */ = {
			isa = XCConfigurationList;
			buildConfigurations = (
				C1A17C36206BDB4E005BAF1B /* Debug */,
				C1A17C37206BDB4E005BAF1B /* Release */,
			);
			defaultConfigurationIsVisible = 0;
			defaultConfigurationName = Release;
		};
/* End XCConfigurationList section */

/* Begin XCVersionGroup section */
		C1A17C0C206BDB4E005BAF1B /* GroceryInventoryApp.xcdatamodeld */ = {
			isa = XCVersionGroup;
			children = (
				C1A17C0D206BDB4E005BAF1B /* GroceryInventoryApp.xcdatamodel */,
			);
			currentVersion = C1A17C0D206BDB4E005BAF1B /* GroceryInventoryApp.xcdatamodel */;
			path = GroceryInventoryApp.xcdatamodeld;
			sourceTree = "<group>";
			versionGroupType = wrapper.xcdatamodel;
		};
/* End XCVersionGroup section */
	};
	rootObject = C1A17BF8206BDB4E005BAF1B /* Project object */;
}
